// !$*UTF8*$!
{
	archiveVersion = 1;
	classes = {
	};
	objectVersion = 46;
	objects = {

/* Begin PBXBuildFile section */
		B1006D93456C7F496067279E /* Preview Assets.xcassets in Resources */ = {isa = PBXBuildFile; fileRef = B10B3F0FFCD79689FED277E2 /* Preview Assets.xcassets */; };
		B101654B2CAA51D1C8F0DBE6 /* Assets.xcassets in Resources */ = {isa = PBXBuildFile; fileRef = B109350709C4ADDFB586B38F /* Assets.xcassets */; };
		B101D6431751D31D5FE59A03 /* ContentView.swift in Sources */ = {isa = PBXBuildFile; fileRef = B10F05F259228C4E75BE6493 /* ContentView.swift */; };
		B102B5A59E5567F3BA4325EA /* JournalTests.swift in Sources */ = {isa = PBXBuildFile; fileRef = B10B26643086DBEEBDB523F5 /* JournalTests.swift */; };
		B103EC5F20E701998F0B3234 /* JournalApp.swift in Sources */ = {isa = PBXBuildFile; fileRef = B101E8B3F61CF5FAAC88351E /* JournalApp.swift */; };
		B1065C2B47FBA68DD9D8A891 /* MyAlternativeScene.swift in Sources */ = {isa = PBXBuildFile; fileRef = B10CDA652453AEFB3C840805 /* MyAlternativeScene.swift */; };
		B108A0925B7660F7948C7F71 /* MyScene.swift in Sources */ = {isa = PBXBuildFile; fileRef = B105D971864135297534B66E /* MyScene.swift */; };
		B10E72BD6C2548B1F0DEA936 /* JournalUITestsLaunchTests.swift in Sources */ = {isa = PBXBuildFile; fileRef = B1033214543EA660E1AC3E1F /* JournalUITestsLaunchTests.swift */; };
		B10F481DA596693E09C9D57F /* JournalUITests.swift in Sources */ = {isa = PBXBuildFile; fileRef = B10B4E99DBC117E8CF1BDB52 /* JournalUITests.swift */; };
/* End PBXBuildFile section */

/* Begin PBXContainerItemProxy section */
		B101CB8BE7C83B1E7D13E930 /* PBXContainerItemProxy */ = {
			isa = PBXContainerItemProxy;
			containerPortal = B1056FC8299093AD957C1C85 /* Project object */;
			proxyType = 1;
			remoteGlobalIDString = B105A883545F29B05059F743;
			remoteInfo = Journal;
		};
		B10DD84506590BA7544E67C9 /* PBXContainerItemProxy */ = {
			isa = PBXContainerItemProxy;
			containerPortal = B1056FC8299093AD957C1C85 /* Project object */;
			proxyType = 1;
			remoteGlobalIDString = B105A883545F29B05059F743;
			remoteInfo = Journal;
		};
/* End PBXContainerItemProxy section */

/* Begin PBXFileReference section */
		B1018B45FCFCD9E3A0555505 /* Journal.app */ = {isa = PBXFileReference; explicitFileType = wrapper.application; includeInIndex = 0; path = Journal.app; sourceTree = BUILT_PRODUCTS_DIR; };
		B101E8B3F61CF5FAAC88351E /* JournalApp.swift */ = {isa = PBXFileReference; lastKnownFileType = sourcecode.swift; path = JournalApp.swift; sourceTree = "<group>"; };
		B1033214543EA660E1AC3E1F /* JournalUITestsLaunchTests.swift */ = {isa = PBXFileReference; lastKnownFileType = sourcecode.swift; path = JournalUITestsLaunchTests.swift; sourceTree = "<group>"; };
		B1043BA3E59C286270AF2A2C /* JournalTests.xctest */ = {isa = PBXFileReference; explicitFileType = wrapper.cfbundle; includeInIndex = 0; path = JournalTests.xctest; sourceTree = BUILT_PRODUCTS_DIR; };
		B105D971864135297534B66E /* MyScene.swift */ = {isa = PBXFileReference; fileEncoding = 4; lastKnownFileType = sourcecode.swift; path = MyScene.swift; sourceTree = "<group>"; };
		B109350709C4ADDFB586B38F /* Assets.xcassets */ = {isa = PBXFileReference; lastKnownFileType = folder.assetcatalog; path = Assets.xcassets; sourceTree = "<group>"; };
		B10B26643086DBEEBDB523F5 /* JournalTests.swift */ = {isa = PBXFileReference; lastKnownFileType = sourcecode.swift; path = JournalTests.swift; sourceTree = "<group>"; };
		B10B3F0FFCD79689FED277E2 /* Preview Assets.xcassets */ = {isa = PBXFileReference; lastKnownFileType = folder.assetcatalog; path = "Preview Assets.xcassets"; sourceTree = "<group>"; };
		B10B4E99DBC117E8CF1BDB52 /* JournalUITests.swift */ = {isa = PBXFileReference; lastKnownFileType = sourcecode.swift; path = JournalUITests.swift; sourceTree = "<group>"; };
		B10CDA652453AEFB3C840805 /* MyAlternativeScene.swift */ = {isa = PBXFileReference; fileEncoding = 4; lastKnownFileType = sourcecode.swift; path = MyAlternativeScene.swift; sourceTree = "<group>"; };
		B10D5E739333A75470B1C4F4 /* JournalUITests.xctest */ = {isa = PBXFileReference; explicitFileType = wrapper.cfbundle; includeInIndex = 0; path = JournalUITests.xctest; sourceTree = BUILT_PRODUCTS_DIR; };
		B10F05F259228C4E75BE6493 /* ContentView.swift */ = {isa = PBXFileReference; lastKnownFileType = sourcecode.swift; path = ContentView.swift; sourceTree = "<group>"; };
/* End PBXFileReference section */

/* Begin PBXFrameworksBuildPhase section */
		B1049BB0C5C334DA630DD7C5 /* Frameworks */ = {
			isa = PBXFrameworksBuildPhase;
			buildActionMask = 2147483647;
			files = (
			);
			runOnlyForDeploymentPostprocessing = 0;
		};
		B105039C8A3B526E2A4A6C63 /* Frameworks */ = {
			isa = PBXFrameworksBuildPhase;
			buildActionMask = 2147483647;
			files = (
			);
			runOnlyForDeploymentPostprocessing = 0;
		};
		B1065B8ABFD0EAD9F09CF928 /* Frameworks */ = {
			isa = PBXFrameworksBuildPhase;
			buildActionMask = 2147483647;
			files = (
			);
			runOnlyForDeploymentPostprocessing = 0;
		};
/* End PBXFrameworksBuildPhase section */

/* Begin PBXGroup section */
		B101483245D9D9DDE0B65D51 /* Products */ = {
			isa = PBXGroup;
			children = (
				B1018B45FCFCD9E3A0555505 /* Journal.app */,
				B1043BA3E59C286270AF2A2C /* JournalTests.xctest */,
				B10D5E739333A75470B1C4F4 /* JournalUITests.xctest */,
			);
			name = Products;
			sourceTree = "<group>";
		};
		B102D1306FBED8281CBFE9C3 /* Journal */ = {
			isa = PBXGroup;
			children = (
				B109350709C4ADDFB586B38F /* Assets.xcassets */,
				B10751C0222C83513B096061 /* Preview Content */,
				B101E8B3F61CF5FAAC88351E /* JournalApp.swift */,
				B10F05F259228C4E75BE6493 /* ContentView.swift */,
				B105D971864135297534B66E /* MyScene.swift */,
				B10CDA652453AEFB3C840805 /* MyAlternativeScene.swift */,
			);
			path = Journal;
			sourceTree = "<group>";
		};
		B10751C0222C83513B096061 /* Preview Content */ = {
			isa = PBXGroup;
			children = (
				B10B3F0FFCD79689FED277E2 /* Preview Assets.xcassets */,
			);
			path = "Preview Content";
			sourceTree = "<group>";
		};
		B107F14E2375F4FF58AD4FC4 /* JournalUITests */ = {
			isa = PBXGroup;
			children = (
				B10B4E99DBC117E8CF1BDB52 /* JournalUITests.swift */,
				B1033214543EA660E1AC3E1F /* JournalUITestsLaunchTests.swift */,
			);
			path = JournalUITests;
			sourceTree = "<group>";
		};
		B10C2F0445694468DF0816AF = {
			isa = PBXGroup;
			children = (
				B101483245D9D9DDE0B65D51 /* Products */,
				B102D1306FBED8281CBFE9C3 /* Journal */,
				B10F4E11F9B1D2C0C303547F /* JournalTests */,
				B107F14E2375F4FF58AD4FC4 /* JournalUITests */,
			);
			sourceTree = "<group>";
		};
		B10F4E11F9B1D2C0C303547F /* JournalTests */ = {
			isa = PBXGroup;
			children = (
				B10B26643086DBEEBDB523F5 /* JournalTests.swift */,
			);
			path = JournalTests;
			sourceTree = "<group>";
		};
/* End PBXGroup section */

/* Begin PBXNativeTarget section */
		B105A883545F29B05059F743 /* Journal */ = {
			isa = PBXNativeTarget;
			buildConfigurationList = B1063C5C17A49E07BB213F54 /* Build configuration list for PBXNativeTarget "Journal" */;
			buildPhases = (
				B10B04DC93CB3FD6B93CA6B4 /* Sources */,
				B105039C8A3B526E2A4A6C63 /* Frameworks */,
				B10C2A07F37433EDE49CF367 /* Resources */,
			);
			buildRules = (
			);
			dependencies = (
			);
			name = Journal;
			productName = Journal;
			productReference = B1018B45FCFCD9E3A0555505 /* Journal.app */;
			productType = "com.apple.product-type.application";
		};
		B10BA8F5E11073D38B46805D /* JournalUITests */ = {
			isa = PBXNativeTarget;
			buildConfigurationList = B10CFD53AA486FEBC78D35A7 /* Build configuration list for PBXNativeTarget "JournalUITests" */;
			buildPhases = (
				B10FDA50E9493F9B0768CA9F /* Sources */,
				B1049BB0C5C334DA630DD7C5 /* Frameworks */,
				B108B2B4F28685EEDA91FB8B /* Resources */,
			);
			buildRules = (
			);
			dependencies = (
				B106BAE8D17A97EE83799D7C /* PBXTargetDependency */,
			);
			name = JournalUITests;
			productName = JournalUITests;
			productReference = B10D5E739333A75470B1C4F4 /* JournalUITests.xctest */;
			productType = "com.apple.product-type.bundle.ui-testing";
		};
		B10F97C19431B963F1F866EC /* JournalTests */ = {
			isa = PBXNativeTarget;
			buildConfigurationList = B105A1EC4490B89EA347877E /* Build configuration list for PBXNativeTarget "JournalTests" */;
			buildPhases = (
				B10EFF2083613CB87C7AD8DA /* Sources */,
				B1065B8ABFD0EAD9F09CF928 /* Frameworks */,
				B10CC21EA422A904CCEC9D9F /* Resources */,
			);
			buildRules = (
			);
			dependencies = (
				B10D231921008959895908E4 /* PBXTargetDependency */,
			);
			name = JournalTests;
			productName = JournalTests;
			productReference = B1043BA3E59C286270AF2A2C /* JournalTests.xctest */;
			productType = "com.apple.product-type.bundle.unit-test";
		};
/* End PBXNativeTarget section */

/* Begin PBXProject section */
		B1056FC8299093AD957C1C85 /* Project object */ = {
			isa = PBXProject;
			buildConfigurationList = B101A58D725EA8AED03D9E46 /* Build configuration list for PBXProject "Journal" */;
			compatibilityVersion = "Xcode 3.2";
			developmentRegion = English;
			hasScannedForEncodings = 0;
			knownRegions = (
				en,
			);
			mainGroup = B10C2F0445694468DF0816AF;
			productRefGroup = B101483245D9D9DDE0B65D51 /* Products */;
			projectDirPath = "";
			projectRoot = "";
			targets = (
				B105A883545F29B05059F743 /* Journal */,
				B10F97C19431B963F1F866EC /* JournalTests */,
				B10BA8F5E11073D38B46805D /* JournalUITests */,
			);
		};
/* End PBXProject section */

/* Begin PBXResourcesBuildPhase section */
		B108B2B4F28685EEDA91FB8B /* Resources */ = {
			isa = PBXResourcesBuildPhase;
			buildActionMask = 2147483647;
			files = (
			);
			runOnlyForDeploymentPostprocessing = 0;
		};
		B10C2A07F37433EDE49CF367 /* Resources */ = {
			isa = PBXResourcesBuildPhase;
			buildActionMask = 2147483647;
			files = (
				B101654B2CAA51D1C8F0DBE6 /* Assets.xcassets in Resources */,
				B1006D93456C7F496067279E /* Preview Assets.xcassets in Resources */,
			);
			runOnlyForDeploymentPostprocessing = 0;
		};
		B10CC21EA422A904CCEC9D9F /* Resources */ = {
			isa = PBXResourcesBuildPhase;
			buildActionMask = 2147483647;
			files = (
			);
			runOnlyForDeploymentPostprocessing = 0;
		};
/* End PBXResourcesBuildPhase section */

/* Begin PBXSourcesBuildPhase section */
		B10B04DC93CB3FD6B93CA6B4 /* Sources */ = {
			isa = PBXSourcesBuildPhase;
			buildActionMask = 2147483647;
			files = (
				B103EC5F20E701998F0B3234 /* JournalApp.swift in Sources */,
				B101D6431751D31D5FE59A03 /* ContentView.swift in Sources */,
				B108A0925B7660F7948C7F71 /* MyScene.swift in Sources */,
				B1065C2B47FBA68DD9D8A891 /* MyAlternativeScene.swift in Sources */,
			);
			runOnlyForDeploymentPostprocessing = 0;
		};
		B10EFF2083613CB87C7AD8DA /* Sources */ = {
			isa = PBXSourcesBuildPhase;
			buildActionMask = 2147483647;
			files = (
				B102B5A59E5567F3BA4325EA /* JournalTests.swift in Sources */,
			);
			runOnlyForDeploymentPostprocessing = 0;
		};
		B10FDA50E9493F9B0768CA9F /* Sources */ = {
			isa = PBXSourcesBuildPhase;
			buildActionMask = 2147483647;
			files = (
				B10F481DA596693E09C9D57F /* JournalUITests.swift in Sources */,
				B10E72BD6C2548B1F0DEA936 /* JournalUITestsLaunchTests.swift in Sources */,
			);
			runOnlyForDeploymentPostprocessing = 0;
		};
/* End PBXSourcesBuildPhase section */

/* Begin PBXTargetDependency section */
		B106BAE8D17A97EE83799D7C /* PBXTargetDependency */ = {
			isa = PBXTargetDependency;
			target = B105A883545F29B05059F743 /* Journal */;
			targetProxy = B10DD84506590BA7544E67C9 /* PBXContainerItemProxy */;
		};
		B10D231921008959895908E4 /* PBXTargetDependency */ = {
			isa = PBXTargetDependency;
			target = B105A883545F29B05059F743 /* Journal */;
			targetProxy = B101CB8BE7C83B1E7D13E930 /* PBXContainerItemProxy */;
		};
/* End PBXTargetDependency section */

/* Begin XCBuildConfiguration section */
		B101A93B4464E25D9A71BF1A /* Debug */ = {
			isa = XCBuildConfiguration;
			buildSettings = {
				ALWAYS_SEARCH_USER_PATHS = NO;
				CLANG_ANALYZER_NONNULL = YES;
				CLANG_ANALYZER_NUMBER_OBJECT_CONVERSION = YES_AGGRESSIVE;
				CLANG_CXX_LANGUAGE_STANDARD = "gnu++20";
				CLANG_ENABLE_MODULES = YES;
				CLANG_ENABLE_OBJC_ARC = YES;
				CLANG_ENABLE_OBJC_WEAK = YES;
				CLANG_WARN_BLOCK_CAPTURE_AUTORELEASING = YES;
				CLANG_WARN_BOOL_CONVERSION = YES;
				CLANG_WARN_COMMA = YES;
				CLANG_WARN_CONSTANT_CONVERSION = YES;
				CLANG_WARN_DEPRECATED_OBJC_IMPLEMENTATIONS = YES;
				CLANG_WARN_DIRECT_OBJC_ISA_USAGE = YES_ERROR;
				CLANG_WARN_DOCUMENTATION_COMMENTS = YES;
				CLANG_WARN_EMPTY_BODY = YES;
				CLANG_WARN_ENUM_CONVERSION = YES;
				CLANG_WARN_INFINITE_RECURSION = YES;
				CLANG_WARN_INT_CONVERSION = YES;
				CLANG_WARN_NON_LITERAL_NULL_CONVERSION = YES;
				CLANG_WARN_OBJC_IMPLICIT_RETAIN_SELF = YES;
				CLANG_WARN_OBJC_LITERAL_CONVERSION = YES;
				CLANG_WARN_OBJC_ROOT_CLASS = YES_ERROR;
				CLANG_WARN_QUOTED_INCLUDE_IN_FRAMEWORK_HEADER = YES;
				CLANG_WARN_RANGE_LOOP_ANALYSIS = YES;
				CLANG_WARN_STRICT_PROTOTYPES = YES;
				CLANG_WARN_SUSPICIOUS_MOVE = YES;
				CLANG_WARN_UNGUARDED_AVAILABILITY = YES_AGGRESSIVE;
				CLANG_WARN_UNREACHABLE_CODE = YES;
				CLANG_WARN__DUPLICATE_METHOD_MATCH = YES;
				COPY_PHASE_STRIP = NO;
				DEBUG_INFORMATION_FORMAT = dwarf;
				ENABLE_STRICT_OBJC_MSGSEND = YES;
				ENABLE_TESTABILITY = YES;
				GCC_C_LANGUAGE_STANDARD = gnu11;
				GCC_DYNAMIC_NO_PIC = NO;
				GCC_NO_COMMON_BLOCKS = YES;
				GCC_OPTIMIZATION_LEVEL = 0;
				GCC_PREPROCESSOR_DEFINITIONS = (
					"DEBUG=1",
					"$(inherited)",
				);
				GCC_WARN_64_TO_32_BIT_CONVERSION = YES;
				GCC_WARN_ABOUT_RETURN_TYPE = YES_ERROR;
				GCC_WARN_UNDECLARED_SELECTOR = YES;
				GCC_WARN_UNINITIALIZED_AUTOS = YES_AGGRESSIVE;
				GCC_WARN_UNUSED_FUNCTION = YES;
				GCC_WARN_UNUSED_VARIABLE = YES;
				IPHONEOS_DEPLOYMENT_TARGET = 16.0;
				MTL_ENABLE_DEBUG_INFO = INCLUDE_SOURCE;
				MTL_FAST_MATH = YES;
				ONLY_ACTIVE_ARCH = YES;
				SDKROOT = iphoneos;
				SWIFT_ACTIVE_COMPILATION_CONDITIONS = DEBUG;
				SWIFT_OPTIMIZATION_LEVEL = "-Onone";
			};
			name = Debug;
		};
		B1041FB163166AF13493407A /* Release */ = {
			isa = XCBuildConfiguration;
			buildSettings = {
				ASSETCATALOG_COMPILER_APPICON_NAME = AppIcon;
				ASSETCATALOG_COMPILER_GLOBAL_ACCENT_COLOR_NAME = AccentColor;
				CURRENT_PROJECT_VERSION = 1;
				DEVELOPMENT_ASSET_PATHS = "\"Journal/Preview Content\"";
				ENABLE_PREVIEWS = YES;
				GENERATE_INFOPLIST_FILE = YES;
				INFOPLIST_KEY_UIApplicationSceneManifest_Generation = YES;
				INFOPLIST_KEY_UIApplicationSupportsIndirectInputEvents = YES;
				INFOPLIST_KEY_UILaunchScreen_Generation = YES;
				INFOPLIST_KEY_UISupportedInterfaceOrientations_iPad = "UIInterfaceOrientationPortrait UIInterfaceOrientationPortraitUpsideDown UIInterfaceOrientationLandscapeLeft UIInterfaceOrientationLandscapeRight";
				INFOPLIST_KEY_UISupportedInterfaceOrientations_iPhone = "UIInterfaceOrientationPortrait UIInterfaceOrientationLandscapeLeft UIInterfaceOrientationLandscapeRight";
				LD_RUNPATH_SEARCH_PATHS = "$(inherited) @executable_path/Frameworks";
				MARKETING_VERSION = 1.0;
				PRODUCT_BUNDLE_IDENTIFIER = io.github.realyusufismail.Journal;
				PRODUCT_NAME = "$(TARGET_NAME)";
				SWIFT_EMIT_LOC_STRINGS = YES;
				SWIFT_VERSION = 5.0;
				TARGETED_DEVICE_FAMILY = "1,2";
			};
			name = Release;
		};
		B105A4B62CD576BED1B26F16 /* Debug */ = {
			isa = XCBuildConfiguration;
			buildSettings = {
				BUNDLE_LOADER = "$(BUILT_PRODUCTS_DIR)/Journal.app/Journal";
				CURRENT_PROJECT_VERSION = 1;
				GENERATE_INFOPLIST_FILE = YES;
				MARKETING_VERSION = 1.0;
				PRODUCT_BUNDLE_IDENTIFIER = io.github.realyusufismail.JournalTests;
				PRODUCT_NAME = "$(TARGET_NAME)";
				SWIFT_EMIT_LOC_STRINGS = NO;
				SWIFT_VERSION = 5.0;
				TARGETED_DEVICE_FAMILY = "1,2";
				TEST_HOST = "$(BUNDLE_LOADER)";
			};
			name = Debug;
		};
		B1073628426C5A71C419BD59 /* Release */ = {
			isa = XCBuildConfiguration;
			buildSettings = {
				CURRENT_PROJECT_VERSION = 1;
				GENERATE_INFOPLIST_FILE = YES;
				MARKETING_VERSION = 1.0;
				PRODUCT_BUNDLE_IDENTIFIER = io.github.realyusufismail.JournalUITests;
				PRODUCT_NAME = "$(TARGET_NAME)";
				SWIFT_EMIT_LOC_STRINGS = NO;
				SWIFT_VERSION = 5.0;
				TARGETED_DEVICE_FAMILY = "1,2";
				TEST_TARGET_NAME = Journal;
			};
			name = Release;
		};
		B108BC31712E1ED87E20EEC3 /* Release */ = {
			isa = XCBuildConfiguration;
			buildSettings = {
				BUNDLE_LOADER = "$(BUILT_PRODUCTS_DIR)/Journal.app/Journal";
				CURRENT_PROJECT_VERSION = 1;
				GENERATE_INFOPLIST_FILE = YES;
				MARKETING_VERSION = 1.0;
				PRODUCT_BUNDLE_IDENTIFIER = io.github.realyusufismail.JournalTests;
				PRODUCT_NAME = "$(TARGET_NAME)";
				SWIFT_EMIT_LOC_STRINGS = NO;
				SWIFT_VERSION = 5.0;
				TARGETED_DEVICE_FAMILY = "1,2";
				TEST_HOST = "$(BUNDLE_LOADER)";
			};
			name = Release;
		};
		B10BC9680248232EC8EE47B7 /* Debug */ = {
			isa = XCBuildConfiguration;
			buildSettings = {
				ASSETCATALOG_COMPILER_APPICON_NAME = AppIcon;
				ASSETCATALOG_COMPILER_GLOBAL_ACCENT_COLOR_NAME = AccentColor;
				CURRENT_PROJECT_VERSION = 1;
				DEVELOPMENT_ASSET_PATHS = "\"Journal/Preview Content\"";
				ENABLE_PREVIEWS = YES;
				GENERATE_INFOPLIST_FILE = YES;
				INFOPLIST_KEY_UIApplicationSceneManifest_Generation = YES;
				INFOPLIST_KEY_UIApplicationSupportsIndirectInputEvents = YES;
				INFOPLIST_KEY_UILaunchScreen_Generation = YES;
				INFOPLIST_KEY_UISupportedInterfaceOrientations_iPad = "UIInterfaceOrientationPortrait UIInterfaceOrientationPortraitUpsideDown UIInterfaceOrientationLandscapeLeft UIInterfaceOrientationLandscapeRight";
				INFOPLIST_KEY_UISupportedInterfaceOrientations_iPhone = "UIInterfaceOrientationPortrait UIInterfaceOrientationLandscapeLeft UIInterfaceOrientationLandscapeRight";
				LD_RUNPATH_SEARCH_PATHS = "$(inherited) @executable_path/Frameworks";
				MARKETING_VERSION = 1.0;
				PRODUCT_BUNDLE_IDENTIFIER = io.github.realyusufismail.Journal;
				PRODUCT_NAME = "$(TARGET_NAME)";
				SWIFT_EMIT_LOC_STRINGS = YES;
				SWIFT_VERSION = 5.0;
				TARGETED_DEVICE_FAMILY = "1,2";
			};
			name = Debug;
		};
		B10CB51DE26AC846A9D102E5 /* Release */ = {
			isa = XCBuildConfiguration;
			buildSettings = {
				ALWAYS_SEARCH_USER_PATHS = NO;
				CLANG_ANALYZER_NONNULL = YES;
				CLANG_ANALYZER_NUMBER_OBJECT_CONVERSION = YES_AGGRESSIVE;
				CLANG_CXX_LANGUAGE_STANDARD = "gnu++20";
				CLANG_ENABLE_MODULES = YES;
				CLANG_ENABLE_OBJC_ARC = YES;
				CLANG_ENABLE_OBJC_WEAK = YES;
				CLANG_WARN_BLOCK_CAPTURE_AUTORELEASING = YES;
				CLANG_WARN_BOOL_CONVERSION = YES;
				CLANG_WARN_COMMA = YES;
				CLANG_WARN_CONSTANT_CONVERSION = YES;
				CLANG_WARN_DEPRECATED_OBJC_IMPLEMENTATIONS = YES;
				CLANG_WARN_DIRECT_OBJC_ISA_USAGE = YES_ERROR;
				CLANG_WARN_DOCUMENTATION_COMMENTS = YES;
				CLANG_WARN_EMPTY_BODY = YES;
				CLANG_WARN_ENUM_CONVERSION = YES;
				CLANG_WARN_INFINITE_RECURSION = YES;
				CLANG_WARN_INT_CONVERSION = YES;
				CLANG_WARN_NON_LITERAL_NULL_CONVERSION = YES;
				CLANG_WARN_OBJC_IMPLICIT_RETAIN_SELF = YES;
				CLANG_WARN_OBJC_LITERAL_CONVERSION = YES;
				CLANG_WARN_OBJC_ROOT_CLASS = YES_ERROR;
				CLANG_WARN_QUOTED_INCLUDE_IN_FRAMEWORK_HEADER = YES;
				CLANG_WARN_RANGE_LOOP_ANALYSIS = YES;
				CLANG_WARN_STRICT_PROTOTYPES = YES;
				CLANG_WARN_SUSPICIOUS_MOVE = YES;
				CLANG_WARN_UNGUARDED_AVAILABILITY = YES_AGGRESSIVE;
				CLANG_WARN_UNREACHABLE_CODE = YES;
				CLANG_WARN__DUPLICATE_METHOD_MATCH = YES;
				COPY_PHASE_STRIP = NO;
				DEBUG_INFORMATION_FORMAT = "dwarf-with-dsym";
				ENABLE_NS_ASSERTIONS = NO;
				ENABLE_STRICT_OBJC_MSGSEND = YES;
				GCC_C_LANGUAGE_STANDARD = gnu11;
				GCC_NO_COMMON_BLOCKS = YES;
				GCC_WARN_64_TO_32_BIT_CONVERSION = YES;
				GCC_WARN_ABOUT_RETURN_TYPE = YES_ERROR;
				GCC_WARN_UNDECLARED_SELECTOR = YES;
				GCC_WARN_UNINITIALIZED_AUTOS = YES_AGGRESSIVE;
				GCC_WARN_UNUSED_FUNCTION = YES;
				GCC_WARN_UNUSED_VARIABLE = YES;
				IPHONEOS_DEPLOYMENT_TARGET = 16.0;
				MTL_ENABLE_DEBUG_INFO = NO;
				MTL_FAST_MATH = YES;
				SDKROOT = iphoneos;
				SWIFT_COMPILATION_MODE = wholemodule;
				SWIFT_OPTIMIZATION_LEVEL = "-O";
				VALIDATE_PRODUCT = YES;
			};
			name = Release;
		};
		B10D2FCFEBBFDE8C8CB9E253 /* Debug */ = {
			isa = XCBuildConfiguration;
			buildSettings = {
				CURRENT_PROJECT_VERSION = 1;
				GENERATE_INFOPLIST_FILE = YES;
				MARKETING_VERSION = 1.0;
				PRODUCT_BUNDLE_IDENTIFIER = io.github.realyusufismail.JournalUITests;
				PRODUCT_NAME = "$(TARGET_NAME)";
				SWIFT_EMIT_LOC_STRINGS = NO;
				SWIFT_VERSION = 5.0;
				TARGETED_DEVICE_FAMILY = "1,2";
				TEST_TARGET_NAME = Journal;
			};
			name = Debug;
		};
/* End XCBuildConfiguration section */

/* Begin XCConfigurationList section */
		B101A58D725EA8AED03D9E46 /* Build configuration list for PBXProject "Journal" */ = {
			isa = XCConfigurationList;
			buildConfigurations = (
				B101A93B4464E25D9A71BF1A /* Debug */,
				B10CB51DE26AC846A9D102E5 /* Release */,
			);
			defaultConfigurationIsVisible = 0;
			defaultConfigurationName = Release;
		};
		B105A1EC4490B89EA347877E /* Build configuration list for PBXNativeTarget "JournalTests" */ = {
			isa = XCConfigurationList;
			buildConfigurations = (
				B105A4B62CD576BED1B26F16 /* Debug */,
				B108BC31712E1ED87E20EEC3 /* Release */,
			);
			defaultConfigurationIsVisible = 0;
		};
		B1063C5C17A49E07BB213F54 /* Build configuration list for PBXNativeTarget "Journal" */ = {
			isa = XCConfigurationList;
			buildConfigurations = (
				B10BC9680248232EC8EE47B7 /* Debug */,
				B1041FB163166AF13493407A /* Release */,
			);
			defaultConfigurationIsVisible = 0;
		};
		B10CFD53AA486FEBC78D35A7 /* Build configuration list for PBXNativeTarget "JournalUITests" */ = {
			isa = XCConfigurationList;
			buildConfigurations = (
				B10D2FCFEBBFDE8C8CB9E253 /* Debug */,
				B1073628426C5A71C419BD59 /* Release */,
			);
			defaultConfigurationIsVisible = 0;
		};
/* End XCConfigurationList section */
	};
	rootObject = B1056FC8299093AD957C1C85 /* Project object */;
}
